
Microsoft Visual Studio Solution File, Format Version 12.00
# Visual Studio Version 16
VisualStudioVersion = 16.0.30114.105
MinimumVisualStudioVersion = 10.0.40219.1
Project("{9A19103F-16F7-4668-BE54-9A1E7A4F7556}") = "eShop.WebApp", "eShop.WebApp\eShop.WebApp.csproj", "{AB0718DD-4890-4212-8FEA-1BFCAE8EEDBD}"
EndProject
Project("{9A19103F-16F7-4668-BE54-9A1E7A4F7556}") = "eShop.Data", "eShop.Data\eShop.Data.csproj", "{4348014D-FE1C-441D-8CA8-8740EDF79FBF}"
EndProject
Project("{FAE04EC0-301F-11D3-BF4B-00C04F79EFBC}") = "eShop.Application", "eShop.Application\eShop.Application.csproj", "{AB944C87-3A6C-4B40-A55A-04EA04D1DAB6}"
EndProject
Global
	GlobalSection(SolutionConfigurationPlatforms) = preSolution
		Debug|Any CPU = Debug|Any CPU
		Release|Any CPU = Release|Any CPU
	EndGlobalSection
	GlobalSection(ProjectConfigurationPlatforms) = postSolution
		{AB0718DD-4890-4212-8FEA-1BFCAE8EEDBD}.Debug|Any CPU.ActiveCfg = Debug|Any CPU
		{AB0718DD-4890-4212-8FEA-1BFCAE8EEDBD}.Debug|Any CPU.Build.0 = Debug|Any CPU
		{AB0718DD-4890-4212-8FEA-1BFCAE8EEDBD}.Release|Any CPU.ActiveCfg = Release|Any CPU
		{AB0718DD-4890-4212-8FEA-1BFCAE8EEDBD}.Release|Any CPU.Build.0 = Release|Any CPU
		{4348014D-FE1C-441D-8CA8-8740EDF79FBF}.Debug|Any CPU.ActiveCfg = Debug|Any CPU
		{4348014D-FE1C-441D-8CA8-8740EDF79FBF}.Debug|Any CPU.Build.0 = Debug|Any CPU
		{4348014D-FE1C-441D-8CA8-8740EDF79FBF}.Release|Any CPU.ActiveCfg = Release|Any CPU
		{4348014D-FE1C-441D-8CA8-8740EDF79FBF}.Release|Any CPU.Build.0 = Release|Any CPU
		{AB944C87-3A6C-4B40-A55A-04EA04D1DAB6}.Debug|Any CPU.ActiveCfg = Debug|Any CPU
		{AB944C87-3A6C-4B40-A55A-04EA04D1DAB6}.Debug|Any CPU.Build.0 = Debug|Any CPU
		{AB944C87-3A6C-4B40-A55A-04EA04D1DAB6}.Release|Any CPU.ActiveCfg = Release|Any CPU
		{AB944C87-3A6C-4B40-A55A-04EA04D1DAB6}.Release|Any CPU.Build.0 = Release|Any CPU
	EndGlobalSection
	GlobalSection(SolutionProperties) = preSolution
		HideSolutionNode = FALSE
	EndGlobalSection
	GlobalSection(ExtensibilityGlobals) = postSolution
		SolutionGuid = {44B7F5BF-103D-4632-A71F-8E515B51E553}
	EndGlobalSection
EndGlobal
